
Microsoft Visual Studio Solution File, Format Version 12.00
# Visual Studio Version 16
VisualStudioVersion = 16.0.810.11
MinimumVisualStudioVersion = 10.0.40219.1
Project("{FAE04EC0-301F-11D3-BF4B-00C04F79EFBC}") = "FoodDeliveryTemplate.Android", "FoodDeliveryTemplate.Android\FoodDeliveryTemplate.Android.csproj", "{DAE900CF-3FE4-4D22-ADAE-EC6DB3D295C3}"
EndProject
Project("{FAE04EC0-301F-11D3-BF4B-00C04F79EFBC}") = "FoodDeliveryTemplate.iOS", "FoodDeliveryTemplate.iOS\FoodDeliveryTemplate.iOS.csproj", "{A4391883-3890-4BA6-A326-EB734ABCD4D6}"
EndProject
Project("{FAE04EC0-301F-11D3-BF4B-00C04F79EFBC}") = "FoodDeliveryTemplate", "FoodDeliveryTemplate\FoodDeliveryTemplate.csproj", "{01C6B47A-FE92-4369-95DC-95D6E7B1CD7C}"
EndProject
Global
	GlobalSection(SolutionConfigurationPlatforms) = preSolution
		Debug|Any CPU = Debug|Any CPU
		Release|Any CPU = Release|Any CPU
		Debug|iPhoneSimulator = Debug|iPhoneSimulator
		Release|iPhoneSimulator = Release|iPhoneSimulator
		Debug|iPhone = Debug|iPhone
		Release|iPhone = Release|iPhone
	EndGlobalSection
	GlobalSection(ProjectConfigurationPlatforms) = postSolution
		{DAE900CF-3FE4-4D22-ADAE-EC6DB3D295C3}.Debug|Any CPU.ActiveCfg = Debug|Any CPU
		{DAE900CF-3FE4-4D22-ADAE-EC6DB3D295C3}.Debug|Any CPU.Build.0 = Debug|Any CPU
		{DAE900CF-3FE4-4D22-ADAE-EC6DB3D295C3}.Release|Any CPU.ActiveCfg = Release|Any CPU
		{DAE900CF-3FE4-4D22-ADAE-EC6DB3D295C3}.Release|Any CPU.Build.0 = Release|Any CPU
		{DAE900CF-3FE4-4D22-ADAE-EC6DB3D295C3}.Debug|iPhoneSimulator.ActiveCfg = Debug|Any CPU
		{DAE900CF-3FE4-4D22-ADAE-EC6DB3D295C3}.Debug|iPhoneSimulator.Build.0 = Debug|Any CPU
		{DAE900CF-3FE4-4D22-ADAE-EC6DB3D295C3}.Release|iPhoneSimulator.ActiveCfg = Release|Any CPU
		{DAE900CF-3FE4-4D22-ADAE-EC6DB3D295C3}.Release|iPhoneSimulator.Build.0 = Release|Any CPU
		{DAE900CF-3FE4-4D22-ADAE-EC6DB3D295C3}.Debug|iPhone.ActiveCfg = Debug|Any CPU
		{DAE900CF-3FE4-4D22-ADAE-EC6DB3D295C3}.Debug|iPhone.Build.0 = Debug|Any CPU
		{DAE900CF-3FE4-4D22-ADAE-EC6DB3D295C3}.Release|iPhone.ActiveCfg = Release|Any CPU
		{DAE900CF-3FE4-4D22-ADAE-EC6DB3D295C3}.Release|iPhone.Build.0 = Release|Any CPU
		{A4391883-3890-4BA6-A326-EB734ABCD4D6}.Debug|Any CPU.ActiveCfg = Debug|iPhoneSimulator
		{A4391883-3890-4BA6-A326-EB734ABCD4D6}.Debug|Any CPU.Build.0 = Debug|iPhoneSimulator
		{A4391883-3890-4BA6-A326-EB734ABCD4D6}.Release|Any CPU.ActiveCfg = Release|iPhoneSimulator
		{A4391883-3890-4BA6-A326-EB734ABCD4D6}.Release|Any CPU.Build.0 = Release|iPhoneSimulator
		{A4391883-3890-4BA6-A326-EB734ABCD4D6}.Debug|iPhoneSimulator.ActiveCfg = Debug|iPhoneSimulator
		{A4391883-3890-4BA6-A326-EB734ABCD4D6}.Debug|iPhoneSimulator.Build.0 = Debug|iPhoneSimulator
		{A4391883-3890-4BA6-A326-EB734ABCD4D6}.Release|iPhoneSimulator.ActiveCfg = Release|iPhoneSimulator
		{A4391883-3890-4BA6-A326-EB734ABCD4D6}.Release|iPhoneSimulator.Build.0 = Release|iPhoneSimulator
		{A4391883-3890-4BA6-A326-EB734ABCD4D6}.Debug|iPhone.ActiveCfg = Debug|iPhone
		{A4391883-3890-4BA6-A326-EB734ABCD4D6}.Debug|iPhone.Build.0 = Debug|iPhone
		{A4391883-3890-4BA6-A326-EB734ABCD4D6}.Release|iPhone.ActiveCfg = Release|iPhone
		{A4391883-3890-4BA6-A326-EB734ABCD4D6}.Release|iPhone.Build.0 = Release|iPhone
		{01C6B47A-FE92-4369-95DC-95D6E7B1CD7C}.Debug|Any CPU.ActiveCfg = Debug|Any CPU
		{01C6B47A-FE92-4369-95DC-95D6E7B1CD7C}.Debug|Any CPU.Build.0 = Debug|Any CPU
		{01C6B47A-FE92-4369-95DC-95D6E7B1CD7C}.Release|Any CPU.ActiveCfg = Release|Any CPU
		{01C6B47A-FE92-4369-95DC-95D6E7B1CD7C}.Release|Any CPU.Build.0 = Release|Any CPU
		{01C6B47A-FE92-4369-95DC-95D6E7B1CD7C}.Debug|iPhoneSimulator.ActiveCfg = Debug|Any CPU
		{01C6B47A-FE92-4369-95DC-95D6E7B1CD7C}.Debug|iPhoneSimulator.Build.0 = Debug|Any CPU
		{01C6B47A-FE92-4369-95DC-95D6E7B1CD7C}.Release|iPhoneSimulator.ActiveCfg = Release|Any CPU
		{01C6B47A-FE92-4369-95DC-95D6E7B1CD7C}.Release|iPhoneSimulator.Build.0 = Release|Any CPU
		{01C6B47A-FE92-4369-95DC-95D6E7B1CD7C}.Debug|iPhone.ActiveCfg = Debug|Any CPU
		{01C6B47A-FE92-4369-95DC-95D6E7B1CD7C}.Debug|iPhone.Build.0 = Debug|Any CPU
		{01C6B47A-FE92-4369-95DC-95D6E7B1CD7C}.Release|iPhone.ActiveCfg = Release|Any CPU
		{01C6B47A-FE92-4369-95DC-95D6E7B1CD7C}.Release|iPhone.Build.0 = Release|Any CPU
	EndGlobalSection
	GlobalSection(SolutionProperties) = preSolution
		HideSolutionNode = FALSE
	EndGlobalSection
	GlobalSection(ExtensibilityGlobals) = postSolution
		SolutionGuid = {045EEF76-BDA8-4C61-84F9-EF3DB5BAD4C1}
	EndGlobalSection
EndGlobal
